
Microsoft Visual Studio Solution File, Format Version 12.00
# Visual Studio Version 16
VisualStudioVersion = 16.0.30406.217
MinimumVisualStudioVersion = 10.0.40219.1
Project("{FAE04EC0-301F-11D3-BF4B-00C04F79EFBC}") = "CapcomDirectServer", "CapcomDirectServer.csproj", "{DB150945-1EAC-4704-BE3D-50B18474EAE7}"
EndProject
Global
	GlobalSection(SolutionConfigurationPlatforms) = preSolution
		Debug|Any CPU = Debug|Any CPU
		Release|Any CPU = Release|Any CPU
	EndGlobalSection
	GlobalSection(ProjectConfigurationPlatforms) = postSolution
		{DB150945-1EAC-4704-BE3D-50B18474EAE7}.Debug|Any CPU.ActiveCfg = Debug|Any CPU
		{DB150945-1EAC-4704-BE3D-50B18474EAE7}.Debug|Any CPU.Build.0 = Debug|Any CPU
		{DB150945-1EAC-4704-BE3D-50B18474EAE7}.Release|Any CPU.ActiveCfg = Release|Any CPU
		{DB150945-1EAC-4704-BE3D-50B18474EAE7}.Release|Any CPU.Build.0 = Release|Any CPU
	EndGlobalSection
	GlobalSection(SolutionProperties) = preSolution
		HideSolutionNode = FALSE
	EndGlobalSection
	GlobalSection(ExtensibilityGlobals) = postSolution
		SolutionGuid = {04815163-9CBB-4CB7-825A-9A50542A07C5}
	EndGlobalSection
EndGlobal
